
Microsoft Visual Studio Solution File, Format Version 12.00
# Visual Studio Version 16
VisualStudioVersion = 16.0.32106.194
MinimumVisualStudioVersion = 10.0.40219.1
Project("{FAE04EC0-301F-11D3-BF4B-00C04F79EFBC}") = "FixAltEnter", "FixAltEnter\FixAltEnter.csproj", "{201BE084-0D2C-4F14-B5FB-37529BC4FF36}"
EndProject
Global
	GlobalSection(SolutionConfigurationPlatforms) = preSolution
		Debug|Any CPU = Debug|Any CPU
		Release|Any CPU = Release|Any CPU
	EndGlobalSection
	GlobalSection(ProjectConfigurationPlatforms) = postSolution
		{201BE084-0D2C-4F14-B5FB-37529BC4FF36}.Debug|Any CPU.ActiveCfg = Debug|Any CPU
		{201BE084-0D2C-4F14-B5FB-37529BC4FF36}.Debug|Any CPU.Build.0 = Debug|Any CPU
		{201BE084-0D2C-4F14-B5FB-37529BC4FF36}.Release|Any CPU.ActiveCfg = Release|Any CPU
		{201BE084-0D2C-4F14-B5FB-37529BC4FF36}.Release|Any CPU.Build.0 = Release|Any CPU
	EndGlobalSection
	GlobalSection(SolutionProperties) = preSolution
		HideSolutionNode = FALSE
	EndGlobalSection
	GlobalSection(ExtensibilityGlobals) = postSolution
		SolutionGuid = {54496D47-7CF3-4B4B-B6CE-9558F19263A6}
	EndGlobalSection
EndGlobal
